
Microsoft Visual Studio Solution File, Format Version 12.00
# Visual Studio 15
VisualStudioVersion = 15.0.27703.2042
MinimumVisualStudioVersion = 10.0.40219.1
Project("{FAE04EC0-301F-11D3-BF4B-00C04F79EFBC}") = "Model", "Model\Model.csproj", "{6ACA0413-2611-4D31-9568-FD4A125DCD49}"
EndProject
Project("{FAE04EC0-301F-11D3-BF4B-00C04F79EFBC}") = "Web", "Web\Web.csproj", "{8B9C4AFA-01C7-45A6-AD8D-191127314326}"
EndProject
Global
	GlobalSection(SolutionConfigurationPlatforms) = preSolution
		Debug|Any CPU = Debug|Any CPU
		Release|Any CPU = Release|Any CPU
	EndGlobalSection
	GlobalSection(ProjectConfigurationPlatforms) = postSolution
		{6ACA0413-2611-4D31-9568-FD4A125DCD49}.Debug|Any CPU.ActiveCfg = Debug|Any CPU
		{6ACA0413-2611-4D31-9568-FD4A125DCD49}.Debug|Any CPU.Build.0 = Debug|Any CPU
		{6ACA0413-2611-4D31-9568-FD4A125DCD49}.Release|Any CPU.ActiveCfg = Release|Any CPU
		{6ACA0413-2611-4D31-9568-FD4A125DCD49}.Release|Any CPU.Build.0 = Release|Any CPU
		{8B9C4AFA-01C7-45A6-AD8D-191127314326}.Debug|Any CPU.ActiveCfg = Debug|Any CPU
		{8B9C4AFA-01C7-45A6-AD8D-191127314326}.Debug|Any CPU.Build.0 = Debug|Any CPU
		{8B9C4AFA-01C7-45A6-AD8D-191127314326}.Release|Any CPU.ActiveCfg = Release|Any CPU
		{8B9C4AFA-01C7-45A6-AD8D-191127314326}.Release|Any CPU.Build.0 = Release|Any CPU
	EndGlobalSection
	GlobalSection(SolutionProperties) = preSolution
		HideSolutionNode = FALSE
	EndGlobalSection
	GlobalSection(ExtensibilityGlobals) = postSolution
		SolutionGuid = {D6367AA0-9963-49CC-8211-7FF810599106}
	EndGlobalSection
EndGlobal
